{
  "object": {
    "pins": [
      {
        "package": "LoftTest_CheckXCAssertionFailure",
        "repositoryURL": "https://github.com/loftware/CheckXCAssertionFailure",
        "state": {
          "branch": null,
          "revision": "1e92d9c40059a3ea50e30da05ec83cec54d9b7ab",
          "version": "0.9.6"
        }
      }
    ]
  },
  "version": 1
}
