{
  "object": {
    "pins": [
      {
        "package": "LoftTest_CheckXCAssertionFailure",
        "repositoryURL": "https://github.com/loftware/CheckXCAssertionFailure",
        "state": {
          "branch": null,
          "revision": "148ebd69d72d6adddc947c42271264527c269d39",
          "version": "0.9.4"
        }
      }
    ]
  },
  "version": 1
}
