{
  "object": {
    "pins": [
      {
        "package": "LoftTest_CheckXCAssertionFailure",
        "repositoryURL": "https://github.com/loftware/CheckXCAssertionFailure",
        "state": {
          "branch": null,
          "revision": "90002d4961dcc1372f0b864e90b91590aff61633",
          "version": "0.9.5"
        }
      }
    ]
  },
  "version": 1
}
